
Microsoft Visual Studio Solution File, Format Version 12.00
# Visual Studio Version 16
VisualStudioVersion = 16.0.32802.440
MinimumVisualStudioVersion = 10.0.40219.1
Project("{FAE04EC0-301F-11D3-BF4B-00C04F79EFBC}") = "AutoPatcherCombatExtended", "AutoPatcherCombatExtended\AutoPatcherCombatExtended.csproj", "{DC20AD9C-D97A-4C5C-8622-3D9150E37E71}"
EndProject
Project("{FAE04EC0-301F-11D3-BF4B-00C04F79EFBC}") = "APCEVF", "APCEVF\APCEVF.csproj", "{42F64312-0B67-4BD2-B8CC-213854E36793}"
EndProject
Global
	GlobalSection(SolutionConfigurationPlatforms) = preSolution
		Debug|Any CPU = Debug|Any CPU
		Release|Any CPU = Release|Any CPU
	EndGlobalSection
	GlobalSection(ProjectConfigurationPlatforms) = postSolution
		{DC20AD9C-D97A-4C5C-8622-3D9150E37E71}.Debug|Any CPU.ActiveCfg = Debug|Any CPU
		{DC20AD9C-D97A-4C5C-8622-3D9150E37E71}.Debug|Any CPU.Build.0 = Debug|Any CPU
		{DC20AD9C-D97A-4C5C-8622-3D9150E37E71}.Release|Any CPU.ActiveCfg = Release|Any CPU
		{DC20AD9C-D97A-4C5C-8622-3D9150E37E71}.Release|Any CPU.Build.0 = Release|Any CPU
		{42F64312-0B67-4BD2-B8CC-213854E36793}.Debug|Any CPU.ActiveCfg = Debug|Any CPU
		{42F64312-0B67-4BD2-B8CC-213854E36793}.Debug|Any CPU.Build.0 = Debug|Any CPU
		{42F64312-0B67-4BD2-B8CC-213854E36793}.Release|Any CPU.ActiveCfg = Release|Any CPU
		{42F64312-0B67-4BD2-B8CC-213854E36793}.Release|Any CPU.Build.0 = Release|Any CPU
	EndGlobalSection
	GlobalSection(SolutionProperties) = preSolution
		HideSolutionNode = FALSE
	EndGlobalSection
	GlobalSection(ExtensibilityGlobals) = postSolution
		SolutionGuid = {00423862-0945-4F09-BE0E-229667D2C6E8}
	EndGlobalSection
EndGlobal
